{
  "name": "@demdjanium/visual-tree",
  "version": "1.0.0",
  "lockfileVersion": 2,
  "requires": true,
  "packages": {
    "": {
      "name": "@demdjanium/visual-tree",
      "version": "1.0.0",
      "license": "ISC",
      "dependencies": {
        "@demdjanium/utils": "^1.0.13",
        "commander": "^9.4.1"
      }
    },
    "node_modules/@demdjanium/utils": {
      "version": "1.0.13",
      "resolved": "https://registry.npmjs.org/@demdjanium/utils/-/utils-1.0.13.tgz",
      "integrity": "sha512-5wLncim7MQNZmwJklE1tZs8b/Y5CltIHXSQ5Tj+ufec6jb4aiNFw9/8eGZDAOhD0xZF4l/v8KmveaE0aAv6iHA==",
      "dependencies": {
        "commander": "^9.4.1"
      }
    },
    "node_modules/commander": {
      "version": "9.4.1",
      "resolved": "https://registry.npmjs.org/commander/-/commander-9.4.1.tgz",
      "integrity": "sha512-5EEkTNyHNGFPD2H+c/dXXfQZYa/scCKasxWcXJaWnNJ99pnQN9Vnmqow+p+PlFPE63Q6mThaZws1T+HxfpgtPw==",
      "engines": {
        "node": "^12.20.0 || >=14"
      }
    }
  },
  "dependencies": {
    "@demdjanium/utils": {
      "version": "1.0.13",
      "resolved": "https://registry.npmjs.org/@demdjanium/utils/-/utils-1.0.13.tgz",
      "integrity": "sha512-5wLncim7MQNZmwJklE1tZs8b/Y5CltIHXSQ5Tj+ufec6jb4aiNFw9/8eGZDAOhD0xZF4l/v8KmveaE0aAv6iHA==",
      "requires": {
        "commander": "^9.4.1"
      }
    },
    "commander": {
      "version": "9.4.1",
      "resolved": "https://registry.npmjs.org/commander/-/commander-9.4.1.tgz",
      "integrity": "sha512-5EEkTNyHNGFPD2H+c/dXXfQZYa/scCKasxWcXJaWnNJ99pnQN9Vnmqow+p+PlFPE63Q6mThaZws1T+HxfpgtPw=="
    }
  }
}
